
Microsoft Visual Studio Solution File, Format Version 12.00
Project("{FAE04EC0-301F-11D3-BF4B-00C04F79EFBC}") = "hao-yang-finance-api", "hao-yang-finance-api.csproj", "{7279C1C5-C2A7-4008-892C-04F3286131EF}"
EndProject
Global
	GlobalSection(SolutionConfigurationPlatforms) = preSolution
		Debug|Any CPU = Debug|Any CPU
		Release|Any CPU = Release|Any CPU
	EndGlobalSection
	GlobalSection(ProjectConfigurationPlatforms) = postSolution
		{7279C1C5-C2A7-4008-892C-04F3286131EF}.Debug|Any CPU.ActiveCfg = Debug|Any CPU
		{7279C1C5-C2A7-4008-892C-04F3286131EF}.Debug|Any CPU.Build.0 = Debug|Any CPU
		{7279C1C5-C2A7-4008-892C-04F3286131EF}.Release|Any CPU.ActiveCfg = Release|Any CPU
		{7279C1C5-C2A7-4008-892C-04F3286131EF}.Release|Any CPU.Build.0 = Release|Any CPU
	EndGlobalSection
EndGlobal
